
Microsoft Visual Studio Solution File, Format Version 12.00
# Visual Studio Version 17
VisualStudioVersion = 17.0.31903.59
MinimumVisualStudioVersion = 10.0.40219.1
Project("{2150E333-8FDC-42A3-9474-1A3956D46DE8}") = "src", "src", "{DCDCBE17-04F0-407C-A875-6A264F9B237B}"
EndProject
Project("{2150E333-8FDC-42A3-9474-1A3956D46DE8}") = "Solution Items", "Solution Items", "{6AAFC4AC-E13C-461A-8A12-7AF5D5B99551}"
	ProjectSection(SolutionItems) = preProject
		README.md = README.md
	EndProjectSection
EndProject
Project("{2150E333-8FDC-42A3-9474-1A3956D46DE8}") = "test", "test", "{6CE9EBB5-1C0D-4A00-88E4-45AC673591F3}"
EndProject
Project("{9A19103F-16F7-4668-BE54-9A1E7A4F7556}") = "AM.Core.DataStructures", "src\AM.Core.DataStructures\AM.Core.DataStructures.csproj", "{9D96B8E9-75BF-4209-910B-19710418CC35}"
EndProject
Project("{9A19103F-16F7-4668-BE54-9A1E7A4F7556}") = "AM.Core.Algorithms.Search", "src\AM.Core.Algorithms.Search\AM.Core.Algorithms.Search.csproj", "{3B470907-3B0A-4676-82EA-67B7AD601CBE}"
EndProject
Project("{9A19103F-16F7-4668-BE54-9A1E7A4F7556}") = "AM.Core.Algorithms.Tests", "test\AM.Core.Algorithms.Tests\AM.Core.Algorithms.Tests.csproj", "{B8EF897D-BD9C-434D-9643-41F76F0AF2EB}"
EndProject
Project("{9A19103F-16F7-4668-BE54-9A1E7A4F7556}") = "AM.Core.DataStructures.Tests", "test\AM.Core.DatatStructures.Tests\AM.Core.DataStructures.Tests.csproj", "{88BF1098-F607-49F1-938C-DB3B5E966C7F}"
EndProject
Project("{9A19103F-16F7-4668-BE54-9A1E7A4F7556}") = "AM.Core.Algorithms.StringManipulation", "src\AM.Core.Algorithms.StringManipulation\AM.Core.Algorithms.StringManipulation.csproj", "{F9CD11AA-531A-4E57-9D98-8DAE4311D15D}"
EndProject
Project("{9A19103F-16F7-4668-BE54-9A1E7A4F7556}") = "AM.Core.Algorithms.StringManipulation.Tests", "test\AM.Core.Algorithms.StringManipulation.Tests\AM.Core.Algorithms.StringManipulation.Tests.csproj", "{2970FA41-CE94-4946-BBF6-DDB5D056DFFA}"
EndProject
Project("{9A19103F-16F7-4668-BE54-9A1E7A4F7556}") = "AM.Core.Algorithms.DynamicProgramming", "src\AM.Core.Algorithms.DynamicProgramming\AM.Core.Algorithms.DynamicProgramming.csproj", "{4FF08D75-7F32-421B-9A13-A2D03FB6A09D}"
EndProject
Project("{9A19103F-16F7-4668-BE54-9A1E7A4F7556}") = "AM.Core.Algorithms.DynamicProgramming.Tests", "test\AM.Core.DynamicProgramming.Tests\AM.Core.Algorithms.DynamicProgramming.Tests.csproj", "{1B721BE2-B008-418D-A27A-9975F8B28D93}"
EndProject
Project("{9A19103F-16F7-4668-BE54-9A1E7A4F7556}") = "AM.Core.Algorithms.Combinatorics", "src\AM.Core.Algorithms.Combinatorics\AM.Core.Algorithms.Combinatorics.csproj", "{9BB0803A-759A-4BEB-8EEB-658CA13E59FE}"
EndProject
Project("{9A19103F-16F7-4668-BE54-9A1E7A4F7556}") = "AM.Core.Algorithms.Combinatorics.Tests", "test\AM.Core.Algorithms.Combinatorics.Tests\AM.Core.Algorithms.Combinatorics.Tests.csproj", "{A60AB50C-3DDC-4AD0-BD96-22E1C0ACB4D0}"
EndProject
Project("{9A19103F-16F7-4668-BE54-9A1E7A4F7556}") = "AM.Core.Algorithms.Numbers", "src\AM.Core.Algorithms.Numbers\AM.Core.Algorithms.Numbers.csproj", "{66219CD2-FDEB-4445-B431-AC05A275266A}"
EndProject
Project("{9A19103F-16F7-4668-BE54-9A1E7A4F7556}") = "AM.Core.Algorithms.Numbers.Tests", "test\AM.Core.Algorithms.Numbers.Tests\AM.Core.Algorithms.Numbers.Tests.csproj", "{DCA99ED2-8DDF-4E52-8F5B-7FC27BAB712B}"
EndProject
Project("{9A19103F-16F7-4668-BE54-9A1E7A4F7556}") = "AM.Core.Algorithms.Puzzles", "src\AM.Core.Algorithms.Puzzles\AM.Core.Algorithms.Puzzles.csproj", "{8C9E780F-864F-4538-A9CE-9B9A08519E8A}"
EndProject
Project("{9A19103F-16F7-4668-BE54-9A1E7A4F7556}") = "AM.Core.Algorithms.Puzzles.Tests", "test\AM.Core.Algorithms.Puzzles.Tests\AM.Core.Algorithms.Puzzles.Tests.csproj", "{8F4F18BC-7B1D-4033-8646-F9A18D3FACF9}"
EndProject
Project("{9A19103F-16F7-4668-BE54-9A1E7A4F7556}") = "AM.Core.Algorithms.LinkedLists", "src\AM.Core.Algorithms.LinkedLists\AM.Core.Algorithms.LinkedLists.csproj", "{C13401C0-D03E-4229-B0B4-DA5B21E1DA88}"
EndProject
Project("{9A19103F-16F7-4668-BE54-9A1E7A4F7556}") = "AM.Core.Algorithms.LinkedLists.Tests", "test\AM.Core.Algorithms.LinkedLists.Tests\AM.Core.Algorithms.LinkedLists.Tests.csproj", "{40F41EE8-1041-473D-85AB-E3CDE255C2B8}"
EndProject
Project("{9A19103F-16F7-4668-BE54-9A1E7A4F7556}") = "AM.Core.Algorithms.Arrays", "src\AM.Core.Algorithms.Arrays\AM.Core.Algorithms.Arrays.csproj", "{DAD518B1-695B-4393-A2FE-C73F79763948}"
EndProject
Project("{9A19103F-16F7-4668-BE54-9A1E7A4F7556}") = "AM.Core.Algorithms.Arrays.Tests", "test\AM.Core.Algorithms.Arrays.Tests\AM.Core.Algorithms.Arrays.Tests.csproj", "{D1E3AD72-8451-454D-9BBA-794B0AEB49D7}"
EndProject
Global
	GlobalSection(SolutionConfigurationPlatforms) = preSolution
		Debug|Any CPU = Debug|Any CPU
		Release|Any CPU = Release|Any CPU
	EndGlobalSection
	GlobalSection(ProjectConfigurationPlatforms) = postSolution
		{9D96B8E9-75BF-4209-910B-19710418CC35}.Debug|Any CPU.ActiveCfg = Debug|Any CPU
		{9D96B8E9-75BF-4209-910B-19710418CC35}.Debug|Any CPU.Build.0 = Debug|Any CPU
		{9D96B8E9-75BF-4209-910B-19710418CC35}.Release|Any CPU.ActiveCfg = Release|Any CPU
		{9D96B8E9-75BF-4209-910B-19710418CC35}.Release|Any CPU.Build.0 = Release|Any CPU
		{3B470907-3B0A-4676-82EA-67B7AD601CBE}.Debug|Any CPU.ActiveCfg = Debug|Any CPU
		{3B470907-3B0A-4676-82EA-67B7AD601CBE}.Debug|Any CPU.Build.0 = Debug|Any CPU
		{3B470907-3B0A-4676-82EA-67B7AD601CBE}.Release|Any CPU.ActiveCfg = Release|Any CPU
		{3B470907-3B0A-4676-82EA-67B7AD601CBE}.Release|Any CPU.Build.0 = Release|Any CPU
		{B8EF897D-BD9C-434D-9643-41F76F0AF2EB}.Debug|Any CPU.ActiveCfg = Debug|Any CPU
		{B8EF897D-BD9C-434D-9643-41F76F0AF2EB}.Debug|Any CPU.Build.0 = Debug|Any CPU
		{B8EF897D-BD9C-434D-9643-41F76F0AF2EB}.Release|Any CPU.ActiveCfg = Release|Any CPU
		{B8EF897D-BD9C-434D-9643-41F76F0AF2EB}.Release|Any CPU.Build.0 = Release|Any CPU
		{88BF1098-F607-49F1-938C-DB3B5E966C7F}.Debug|Any CPU.ActiveCfg = Debug|Any CPU
		{88BF1098-F607-49F1-938C-DB3B5E966C7F}.Debug|Any CPU.Build.0 = Debug|Any CPU
		{88BF1098-F607-49F1-938C-DB3B5E966C7F}.Release|Any CPU.ActiveCfg = Release|Any CPU
		{88BF1098-F607-49F1-938C-DB3B5E966C7F}.Release|Any CPU.Build.0 = Release|Any CPU
		{F9CD11AA-531A-4E57-9D98-8DAE4311D15D}.Debug|Any CPU.ActiveCfg = Debug|Any CPU
		{F9CD11AA-531A-4E57-9D98-8DAE4311D15D}.Debug|Any CPU.Build.0 = Debug|Any CPU
		{F9CD11AA-531A-4E57-9D98-8DAE4311D15D}.Release|Any CPU.ActiveCfg = Release|Any CPU
		{F9CD11AA-531A-4E57-9D98-8DAE4311D15D}.Release|Any CPU.Build.0 = Release|Any CPU
		{2970FA41-CE94-4946-BBF6-DDB5D056DFFA}.Debug|Any CPU.ActiveCfg = Debug|Any CPU
		{2970FA41-CE94-4946-BBF6-DDB5D056DFFA}.Debug|Any CPU.Build.0 = Debug|Any CPU
		{2970FA41-CE94-4946-BBF6-DDB5D056DFFA}.Release|Any CPU.ActiveCfg = Release|Any CPU
		{2970FA41-CE94-4946-BBF6-DDB5D056DFFA}.Release|Any CPU.Build.0 = Release|Any CPU
		{4FF08D75-7F32-421B-9A13-A2D03FB6A09D}.Debug|Any CPU.ActiveCfg = Debug|Any CPU
		{4FF08D75-7F32-421B-9A13-A2D03FB6A09D}.Debug|Any CPU.Build.0 = Debug|Any CPU
		{4FF08D75-7F32-421B-9A13-A2D03FB6A09D}.Release|Any CPU.ActiveCfg = Release|Any CPU
		{4FF08D75-7F32-421B-9A13-A2D03FB6A09D}.Release|Any CPU.Build.0 = Release|Any CPU
		{1B721BE2-B008-418D-A27A-9975F8B28D93}.Debug|Any CPU.ActiveCfg = Debug|Any CPU
		{1B721BE2-B008-418D-A27A-9975F8B28D93}.Debug|Any CPU.Build.0 = Debug|Any CPU
		{1B721BE2-B008-418D-A27A-9975F8B28D93}.Release|Any CPU.ActiveCfg = Release|Any CPU
		{1B721BE2-B008-418D-A27A-9975F8B28D93}.Release|Any CPU.Build.0 = Release|Any CPU
		{9BB0803A-759A-4BEB-8EEB-658CA13E59FE}.Debug|Any CPU.ActiveCfg = Debug|Any CPU
		{9BB0803A-759A-4BEB-8EEB-658CA13E59FE}.Debug|Any CPU.Build.0 = Debug|Any CPU
		{9BB0803A-759A-4BEB-8EEB-658CA13E59FE}.Release|Any CPU.ActiveCfg = Release|Any CPU
		{9BB0803A-759A-4BEB-8EEB-658CA13E59FE}.Release|Any CPU.Build.0 = Release|Any CPU
		{A60AB50C-3DDC-4AD0-BD96-22E1C0ACB4D0}.Debug|Any CPU.ActiveCfg = Debug|Any CPU
		{A60AB50C-3DDC-4AD0-BD96-22E1C0ACB4D0}.Debug|Any CPU.Build.0 = Debug|Any CPU
		{A60AB50C-3DDC-4AD0-BD96-22E1C0ACB4D0}.Release|Any CPU.ActiveCfg = Release|Any CPU
		{A60AB50C-3DDC-4AD0-BD96-22E1C0ACB4D0}.Release|Any CPU.Build.0 = Release|Any CPU
		{66219CD2-FDEB-4445-B431-AC05A275266A}.Debug|Any CPU.ActiveCfg = Debug|Any CPU
		{66219CD2-FDEB-4445-B431-AC05A275266A}.Debug|Any CPU.Build.0 = Debug|Any CPU
		{66219CD2-FDEB-4445-B431-AC05A275266A}.Release|Any CPU.ActiveCfg = Release|Any CPU
		{66219CD2-FDEB-4445-B431-AC05A275266A}.Release|Any CPU.Build.0 = Release|Any CPU
		{DCA99ED2-8DDF-4E52-8F5B-7FC27BAB712B}.Debug|Any CPU.ActiveCfg = Debug|Any CPU
		{DCA99ED2-8DDF-4E52-8F5B-7FC27BAB712B}.Debug|Any CPU.Build.0 = Debug|Any CPU
		{DCA99ED2-8DDF-4E52-8F5B-7FC27BAB712B}.Release|Any CPU.ActiveCfg = Release|Any CPU
		{DCA99ED2-8DDF-4E52-8F5B-7FC27BAB712B}.Release|Any CPU.Build.0 = Release|Any CPU
		{8C9E780F-864F-4538-A9CE-9B9A08519E8A}.Debug|Any CPU.ActiveCfg = Debug|Any CPU
		{8C9E780F-864F-4538-A9CE-9B9A08519E8A}.Debug|Any CPU.Build.0 = Debug|Any CPU
		{8C9E780F-864F-4538-A9CE-9B9A08519E8A}.Release|Any CPU.ActiveCfg = Release|Any CPU
		{8C9E780F-864F-4538-A9CE-9B9A08519E8A}.Release|Any CPU.Build.0 = Release|Any CPU
		{8F4F18BC-7B1D-4033-8646-F9A18D3FACF9}.Debug|Any CPU.ActiveCfg = Debug|Any CPU
		{8F4F18BC-7B1D-4033-8646-F9A18D3FACF9}.Debug|Any CPU.Build.0 = Debug|Any CPU
		{8F4F18BC-7B1D-4033-8646-F9A18D3FACF9}.Release|Any CPU.ActiveCfg = Release|Any CPU
		{8F4F18BC-7B1D-4033-8646-F9A18D3FACF9}.Release|Any CPU.Build.0 = Release|Any CPU
		{C13401C0-D03E-4229-B0B4-DA5B21E1DA88}.Debug|Any CPU.ActiveCfg = Debug|Any CPU
		{C13401C0-D03E-4229-B0B4-DA5B21E1DA88}.Debug|Any CPU.Build.0 = Debug|Any CPU
		{C13401C0-D03E-4229-B0B4-DA5B21E1DA88}.Release|Any CPU.ActiveCfg = Release|Any CPU
		{C13401C0-D03E-4229-B0B4-DA5B21E1DA88}.Release|Any CPU.Build.0 = Release|Any CPU
		{40F41EE8-1041-473D-85AB-E3CDE255C2B8}.Debug|Any CPU.ActiveCfg = Debug|Any CPU
		{40F41EE8-1041-473D-85AB-E3CDE255C2B8}.Debug|Any CPU.Build.0 = Debug|Any CPU
		{40F41EE8-1041-473D-85AB-E3CDE255C2B8}.Release|Any CPU.ActiveCfg = Release|Any CPU
		{40F41EE8-1041-473D-85AB-E3CDE255C2B8}.Release|Any CPU.Build.0 = Release|Any CPU
		{DAD518B1-695B-4393-A2FE-C73F79763948}.Debug|Any CPU.ActiveCfg = Debug|Any CPU
		{DAD518B1-695B-4393-A2FE-C73F79763948}.Debug|Any CPU.Build.0 = Debug|Any CPU
		{DAD518B1-695B-4393-A2FE-C73F79763948}.Release|Any CPU.ActiveCfg = Release|Any CPU
		{DAD518B1-695B-4393-A2FE-C73F79763948}.Release|Any CPU.Build.0 = Release|Any CPU
		{D1E3AD72-8451-454D-9BBA-794B0AEB49D7}.Debug|Any CPU.ActiveCfg = Debug|Any CPU
		{D1E3AD72-8451-454D-9BBA-794B0AEB49D7}.Debug|Any CPU.Build.0 = Debug|Any CPU
		{D1E3AD72-8451-454D-9BBA-794B0AEB49D7}.Release|Any CPU.ActiveCfg = Release|Any CPU
		{D1E3AD72-8451-454D-9BBA-794B0AEB49D7}.Release|Any CPU.Build.0 = Release|Any CPU
	EndGlobalSection
	GlobalSection(SolutionProperties) = preSolution
		HideSolutionNode = FALSE
	EndGlobalSection
	GlobalSection(NestedProjects) = preSolution
		{9D96B8E9-75BF-4209-910B-19710418CC35} = {DCDCBE17-04F0-407C-A875-6A264F9B237B}
		{3B470907-3B0A-4676-82EA-67B7AD601CBE} = {DCDCBE17-04F0-407C-A875-6A264F9B237B}
		{B8EF897D-BD9C-434D-9643-41F76F0AF2EB} = {6CE9EBB5-1C0D-4A00-88E4-45AC673591F3}
		{88BF1098-F607-49F1-938C-DB3B5E966C7F} = {6CE9EBB5-1C0D-4A00-88E4-45AC673591F3}
		{F9CD11AA-531A-4E57-9D98-8DAE4311D15D} = {DCDCBE17-04F0-407C-A875-6A264F9B237B}
		{2970FA41-CE94-4946-BBF6-DDB5D056DFFA} = {6CE9EBB5-1C0D-4A00-88E4-45AC673591F3}
		{4FF08D75-7F32-421B-9A13-A2D03FB6A09D} = {DCDCBE17-04F0-407C-A875-6A264F9B237B}
		{1B721BE2-B008-418D-A27A-9975F8B28D93} = {6CE9EBB5-1C0D-4A00-88E4-45AC673591F3}
		{9BB0803A-759A-4BEB-8EEB-658CA13E59FE} = {DCDCBE17-04F0-407C-A875-6A264F9B237B}
		{A60AB50C-3DDC-4AD0-BD96-22E1C0ACB4D0} = {6CE9EBB5-1C0D-4A00-88E4-45AC673591F3}
		{66219CD2-FDEB-4445-B431-AC05A275266A} = {DCDCBE17-04F0-407C-A875-6A264F9B237B}
		{DCA99ED2-8DDF-4E52-8F5B-7FC27BAB712B} = {6CE9EBB5-1C0D-4A00-88E4-45AC673591F3}
		{8C9E780F-864F-4538-A9CE-9B9A08519E8A} = {DCDCBE17-04F0-407C-A875-6A264F9B237B}
		{8F4F18BC-7B1D-4033-8646-F9A18D3FACF9} = {6CE9EBB5-1C0D-4A00-88E4-45AC673591F3}
		{C13401C0-D03E-4229-B0B4-DA5B21E1DA88} = {DCDCBE17-04F0-407C-A875-6A264F9B237B}
		{40F41EE8-1041-473D-85AB-E3CDE255C2B8} = {6CE9EBB5-1C0D-4A00-88E4-45AC673591F3}
		{DAD518B1-695B-4393-A2FE-C73F79763948} = {DCDCBE17-04F0-407C-A875-6A264F9B237B}
		{D1E3AD72-8451-454D-9BBA-794B0AEB49D7} = {6CE9EBB5-1C0D-4A00-88E4-45AC673591F3}
	EndGlobalSection
	GlobalSection(ExtensibilityGlobals) = postSolution
		SolutionGuid = {3E14C855-8281-4ABF-9170-3906BB8AE4F4}
	EndGlobalSection
EndGlobal
